
Microsoft Visual Studio Solution File, Format Version 12.00
# Visual Studio Version 17
VisualStudioVersion = 17.14.36414.22
MinimumVisualStudioVersion = 10.0.40219.1
Project("{FAE04EC0-301F-11D3-BF4B-00C04F79EFBC}") = "CncMachineTracker.Api", "CncMachineTracker.Api\CncMachineTracker.Api.csproj", "{C62E3A88-A04D-44E2-B8A3-D59B6F3020A9}"
EndProject

Global
	GlobalSection(SolutionConfigurationPlatforms) = preSolution
		Debug|Any CPU = Debug|Any CPU
		Release|Any CPU = Release|Any CPU
	EndGlobalSection
	GlobalSection(ProjectConfigurationPlatforms) = postSolution
		{C62E3A88-A04D-44E2-B8A3-D59B6F3020A9}.Debug|Any CPU.ActiveCfg = Debug|Any CPU
		{C62E3A88-A04D-44E2-B8A3-D59B6F3020A9}.Debug|Any CPU.Build.0 = Debug|Any CPU
		{C62E3A88-A04D-44E2-B8A3-D59B6F3020A9}.Release|Any CPU.ActiveCfg = Release|Any CPU
		{C62E3A88-A04D-44E2-B8A3-D59B6F3020A9}.Release|Any CPU.Build.0 = Release|Any CPU

	EndGlobalSection
	GlobalSection(SolutionProperties) = preSolution
		HideSolutionNode = FALSE
	EndGlobalSection
	GlobalSection(ExtensibilityGlobals) = postSolution
		SolutionGuid = {15511C25-33FA-4979-BD5E-8F18E5E3FF93}
	EndGlobalSection
EndGlobal
